// !$*UTF8*$!
{
	archiveVersion = 1;
	classes = {
	};
	objectVersion = 46;
	objects = {

/* Begin PBXBuildFile section */
		05EA63115F19BBD207234668 /* Pods_TouchLock.framework in Frameworks */ = {isa = PBXBuildFile; fileRef = 4A9D3639F1EFF43B8CBCC322 /* Pods_TouchLock.framework */; };
		94231E811E91D3E200214BCF /* QBImagePicker.strings in Resources */ = {isa = PBXBuildFile; fileRef = 94231E661E91D3E200214BCF /* QBImagePicker.strings */; };
		94231E821E91D3E200214BCF /* QBAlbumCell.m in Sources */ = {isa = PBXBuildFile; fileRef = 94231E6D1E91D3E200214BCF /* QBAlbumCell.m */; };
		94231E831E91D3E200214BCF /* QBAlbumsViewController.m in Sources */ = {isa = PBXBuildFile; fileRef = 94231E6F1E91D3E200214BCF /* QBAlbumsViewController.m */; };
		94231E841E91D3E200214BCF /* QBAssetCell.m in Sources */ = {isa = PBXBuildFile; fileRef = 94231E711E91D3E200214BCF /* QBAssetCell.m */; };
		94231E851E91D3E200214BCF /* QBAssetsViewController.m in Sources */ = {isa = PBXBuildFile; fileRef = 94231E731E91D3E200214BCF /* QBAssetsViewController.m */; };
		94231E861E91D3E200214BCF /* QBCheckmarkView.m in Sources */ = {isa = PBXBuildFile; fileRef = 94231E751E91D3E200214BCF /* QBCheckmarkView.m */; };
		94231E871E91D3E200214BCF /* QBImagePicker.storyboard in Resources */ = {isa = PBXBuildFile; fileRef = 94231E771E91D3E200214BCF /* QBImagePicker.storyboard */; };
		94231E881E91D3E200214BCF /* QBImagePickerController.m in Sources */ = {isa = PBXBuildFile; fileRef = 94231E791E91D3E200214BCF /* QBImagePickerController.m */; };
		94231E891E91D3E200214BCF /* QBSlomoIconView.m in Sources */ = {isa = PBXBuildFile; fileRef = 94231E7B1E91D3E200214BCF /* QBSlomoIconView.m */; };
		94231E8A1E91D3E200214BCF /* QBVideoIconView.m in Sources */ = {isa = PBXBuildFile; fileRef = 94231E7D1E91D3E200214BCF /* QBVideoIconView.m */; };
		94231E8B1E91D3E200214BCF /* QBVideoIndicatorView.m in Sources */ = {isa = PBXBuildFile; fileRef = 94231E7F1E91D3E200214BCF /* QBVideoIndicatorView.m */; };
		94231EA11E91E82300214BCF /* default_blurred_image.jpg in Resources */ = {isa = PBXBuildFile; fileRef = 94231EA01E91E82300214BCF /* default_blurred_image.jpg */; };
		94231EB01E91F19300214BCF /* RNCryptor.m in Sources */ = {isa = PBXBuildFile; fileRef = 94231EA91E91F19300214BCF /* RNCryptor.m */; };
		94231EB11E91F19300214BCF /* RNCryptorEngine.m in Sources */ = {isa = PBXBuildFile; fileRef = 94231EAB1E91F19300214BCF /* RNCryptorEngine.m */; };
		94231EB21E91F19300214BCF /* RNDecryptor.m in Sources */ = {isa = PBXBuildFile; fileRef = 94231EAD1E91F19300214BCF /* RNDecryptor.m */; };
		94231EB31E91F19300214BCF /* RNEncryptor.m in Sources */ = {isa = PBXBuildFile; fileRef = 94231EAF1E91F19300214BCF /* RNEncryptor.m */; };
		94480F591E91B1D5009C0C71 /* secure_text_photo.png in Resources */ = {isa = PBXBuildFile; fileRef = 94480F581E91B1D5009C0C71 /* secure_text_photo.png */; };
		94F7D7221E58BF9300CB1B9E /* Assets.xcassets in Resources */ = {isa = PBXBuildFile; fileRef = 94F7D7211E58BF9300CB1B9E /* Assets.xcassets */; };
		94F7D7291E58BF9300CB1B9E /* MessagesExtension.appex in Embed App Extensions */ = {isa = PBXBuildFile; fileRef = 94F7D7281E58BF9300CB1B9E /* MessagesExtension.appex */; settings = {ATTRIBUTES = (RemoveHeadersOnCopy, ); }; };
		94F7D72E1E58BF9300CB1B9E /* Messages.framework in Frameworks */ = {isa = PBXBuildFile; fileRef = 94F7D72D1E58BF9300CB1B9E /* Messages.framework */; };
		94F7D7321E58BF9300CB1B9E /* MessagesViewController.m in Sources */ = {isa = PBXBuildFile; fileRef = 94F7D7311E58BF9300CB1B9E /* MessagesViewController.m */; };
		94F7D7351E58BF9300CB1B9E /* MainInterface.storyboard in Resources */ = {isa = PBXBuildFile; fileRef = 94F7D7331E58BF9300CB1B9E /* MainInterface.storyboard */; };
		94F7D7371E58BF9300CB1B9E /* Assets.xcassets in Resources */ = {isa = PBXBuildFile; fileRef = 94F7D7361E58BF9300CB1B9E /* Assets.xcassets */; };
		94F7D7491E58C6DF00CB1B9E /* take_photo.png in Resources */ = {isa = PBXBuildFile; fileRef = 94F7D7471E58C6DF00CB1B9E /* take_photo.png */; };
		94F7D74A1E58C6DF00CB1B9E /* access_gallery.png in Resources */ = {isa = PBXBuildFile; fileRef = 94F7D7481E58C6DF00CB1B9E /* access_gallery.png */; };
		94F7D74C1E58CD7900CB1B9E /* CompactDefaultView.xib in Resources */ = {isa = PBXBuildFile; fileRef = 94F7D74B1E58CD7900CB1B9E /* CompactDefaultView.xib */; };
		94F7D74F1E58D10100CB1B9E /* CompactDefaultView.m in Sources */ = {isa = PBXBuildFile; fileRef = 94F7D74E1E58D10100CB1B9E /* CompactDefaultView.m */; };
		94F7D7511E58D24500CB1B9E /* ExpandedDefaultView.xib in Resources */ = {isa = PBXBuildFile; fileRef = 94F7D7501E58D24500CB1B9E /* ExpandedDefaultView.xib */; };
		94F7D7541E58D3A200CB1B9E /* ExpandedDefaultView.m in Sources */ = {isa = PBXBuildFile; fileRef = 94F7D7531E58D3A200CB1B9E /* ExpandedDefaultView.m */; };
/* End PBXBuildFile section */

/* Begin PBXContainerItemProxy section */
		94F7D72A1E58BF9300CB1B9E /* PBXContainerItemProxy */ = {
			isa = PBXContainerItemProxy;
			containerPortal = 94F7D7181E58BF9300CB1B9E /* Project object */;
			proxyType = 1;
			remoteGlobalIDString = 94F7D7271E58BF9300CB1B9E;
			remoteInfo = MessagesExtension;
		};
/* End PBXContainerItemProxy section */

/* Begin PBXCopyFilesBuildPhase section */
		94F7D73E1E58BF9300CB1B9E /* Embed App Extensions */ = {
			isa = PBXCopyFilesBuildPhase;
			buildActionMask = 2147483647;
			dstPath = "";
			dstSubfolderSpec = 13;
			files = (
				94F7D7291E58BF9300CB1B9E /* MessagesExtension.appex in Embed App Extensions */,
			);
			name = "Embed App Extensions";
			runOnlyForDeploymentPostprocessing = 0;
		};
/* End PBXCopyFilesBuildPhase section */

/* Begin PBXFileReference section */
		28A6B08ADDC0AD7306B432F4 /* Pods-TouchLock.release.xcconfig */ = {isa = PBXFileReference; includeInIndex = 1; lastKnownFileType = text.xcconfig; name = "Pods-TouchLock.release.xcconfig"; path = "Pods/Target Support Files/Pods-TouchLock/Pods-TouchLock.release.xcconfig"; sourceTree = "<group>"; };
		4A9D3639F1EFF43B8CBCC322 /* Pods_TouchLock.framework */ = {isa = PBXFileReference; explicitFileType = wrapper.framework; includeInIndex = 0; path = Pods_TouchLock.framework; sourceTree = BUILT_PRODUCTS_DIR; };
		94231E671E91D3E200214BCF /* de */ = {isa = PBXFileReference; lastKnownFileType = text.plist.strings; name = de; path = de.lproj/QBImagePicker.strings; sourceTree = "<group>"; };
		94231E681E91D3E200214BCF /* en */ = {isa = PBXFileReference; lastKnownFileType = text.plist.strings; name = en; path = en.lproj/QBImagePicker.strings; sourceTree = "<group>"; };
		94231E691E91D3E200214BCF /* es */ = {isa = PBXFileReference; lastKnownFileType = text.plist.strings; name = es; path = es.lproj/QBImagePicker.strings; sourceTree = "<group>"; };
		94231E6A1E91D3E200214BCF /* ja */ = {isa = PBXFileReference; lastKnownFileType = text.plist.strings; name = ja; path = ja.lproj/QBImagePicker.strings; sourceTree = "<group>"; };
		94231E6B1E91D3E200214BCF /* pl */ = {isa = PBXFileReference; lastKnownFileType = text.plist.strings; name = pl; path = pl.lproj/QBImagePicker.strings; sourceTree = "<group>"; };
		94231E6C1E91D3E200214BCF /* QBAlbumCell.h */ = {isa = PBXFileReference; fileEncoding = 4; lastKnownFileType = sourcecode.c.h; path = QBAlbumCell.h; sourceTree = "<group>"; };
		94231E6D1E91D3E200214BCF /* QBAlbumCell.m */ = {isa = PBXFileReference; fileEncoding = 4; lastKnownFileType = sourcecode.c.objc; path = QBAlbumCell.m; sourceTree = "<group>"; };
		94231E6E1E91D3E200214BCF /* QBAlbumsViewController.h */ = {isa = PBXFileReference; fileEncoding = 4; lastKnownFileType = sourcecode.c.h; path = QBAlbumsViewController.h; sourceTree = "<group>"; };
		94231E6F1E91D3E200214BCF /* QBAlbumsViewController.m */ = {isa = PBXFileReference; fileEncoding = 4; lastKnownFileType = sourcecode.c.objc; path = QBAlbumsViewController.m; sourceTree = "<group>"; };
		94231E701E91D3E200214BCF /* QBAssetCell.h */ = {isa = PBXFileReference; fileEncoding = 4; lastKnownFileType = sourcecode.c.h; path = QBAssetCell.h; sourceTree = "<group>"; };
		94231E711E91D3E200214BCF /* QBAssetCell.m */ = {isa = PBXFileReference; fileEncoding = 4; lastKnownFileType = sourcecode.c.objc; path = QBAssetCell.m; sourceTree = "<group>"; };
		94231E721E91D3E200214BCF /* QBAssetsViewController.h */ = {isa = PBXFileReference; fileEncoding = 4; lastKnownFileType = sourcecode.c.h; path = QBAssetsViewController.h; sourceTree = "<group>"; };
		94231E731E91D3E200214BCF /* QBAssetsViewController.m */ = {isa = PBXFileReference; fileEncoding = 4; lastKnownFileType = sourcecode.c.objc; path = QBAssetsViewController.m; sourceTree = "<group>"; };
		94231E741E91D3E200214BCF /* QBCheckmarkView.h */ = {isa = PBXFileReference; fileEncoding = 4; lastKnownFileType = sourcecode.c.h; path = QBCheckmarkView.h; sourceTree = "<group>"; };
		94231E751E91D3E200214BCF /* QBCheckmarkView.m */ = {isa = PBXFileReference; fileEncoding = 4; lastKnownFileType = sourcecode.c.objc; path = QBCheckmarkView.m; sourceTree = "<group>"; };
		94231E761E91D3E200214BCF /* QBImagePicker.h */ = {isa = PBXFileReference; fileEncoding = 4; lastKnownFileType = sourcecode.c.h; path = QBImagePicker.h; sourceTree = "<group>"; };
		94231E771E91D3E200214BCF /* QBImagePicker.storyboard */ = {isa = PBXFileReference; fileEncoding = 4; lastKnownFileType = file.storyboard; path = QBImagePicker.storyboard; sourceTree = "<group>"; };
		94231E781E91D3E200214BCF /* QBImagePickerController.h */ = {isa = PBXFileReference; fileEncoding = 4; lastKnownFileType = sourcecode.c.h; path = QBImagePickerController.h; sourceTree = "<group>"; };
		94231E791E91D3E200214BCF /* QBImagePickerController.m */ = {isa = PBXFileReference; fileEncoding = 4; lastKnownFileType = sourcecode.c.objc; path = QBImagePickerController.m; sourceTree = "<group>"; };
		94231E7A1E91D3E200214BCF /* QBSlomoIconView.h */ = {isa = PBXFileReference; fileEncoding = 4; lastKnownFileType = sourcecode.c.h; path = QBSlomoIconView.h; sourceTree = "<group>"; };
		94231E7B1E91D3E200214BCF /* QBSlomoIconView.m */ = {isa = PBXFileReference; fileEncoding = 4; lastKnownFileType = sourcecode.c.objc; path = QBSlomoIconView.m; sourceTree = "<group>"; };
		94231E7C1E91D3E200214BCF /* QBVideoIconView.h */ = {isa = PBXFileReference; fileEncoding = 4; lastKnownFileType = sourcecode.c.h; path = QBVideoIconView.h; sourceTree = "<group>"; };
		94231E7D1E91D3E200214BCF /* QBVideoIconView.m */ = {isa = PBXFileReference; fileEncoding = 4; lastKnownFileType = sourcecode.c.objc; path = QBVideoIconView.m; sourceTree = "<group>"; };
		94231E7E1E91D3E200214BCF /* QBVideoIndicatorView.h */ = {isa = PBXFileReference; fileEncoding = 4; lastKnownFileType = sourcecode.c.h; path = QBVideoIndicatorView.h; sourceTree = "<group>"; };
		94231E7F1E91D3E200214BCF /* QBVideoIndicatorView.m */ = {isa = PBXFileReference; fileEncoding = 4; lastKnownFileType = sourcecode.c.objc; path = QBVideoIndicatorView.m; sourceTree = "<group>"; };
		94231E801E91D3E200214BCF /* zh-Hans */ = {isa = PBXFileReference; lastKnownFileType = text.plist.strings; name = "zh-Hans"; path = "zh-Hans.lproj/QBImagePicker.strings"; sourceTree = "<group>"; };
		94231EA01E91E82300214BCF /* default_blurred_image.jpg */ = {isa = PBXFileReference; lastKnownFileType = image.jpeg; path = default_blurred_image.jpg; sourceTree = "<group>"; };
		94231EA31E91F19300214BCF /* module.modulemap */ = {isa = PBXFileReference; fileEncoding = 4; lastKnownFileType = "sourcecode.module-map"; path = module.modulemap; sourceTree = "<group>"; };
		94231EA41E91F19300214BCF /* RNCryptor iOS.h */ = {isa = PBXFileReference; fileEncoding = 4; lastKnownFileType = sourcecode.c.h; path = "RNCryptor iOS.h"; sourceTree = "<group>"; };
		94231EA61E91F19300214BCF /* RNCryptor+Private.h */ = {isa = PBXFileReference; fileEncoding = 4; lastKnownFileType = sourcecode.c.h; path = "RNCryptor+Private.h"; sourceTree = "<group>"; };
		94231EA71E91F19300214BCF /* RNCryptor-Prefix.pch */ = {isa = PBXFileReference; fileEncoding = 4; lastKnownFileType = sourcecode.c.h; path = "RNCryptor-Prefix.pch"; sourceTree = "<group>"; };
		94231EA81E91F19300214BCF /* RNCryptor.h */ = {isa = PBXFileReference; fileEncoding = 4; lastKnownFileType = sourcecode.c.h; path = RNCryptor.h; sourceTree = "<group>"; };
		94231EA91E91F19300214BCF /* RNCryptor.m */ = {isa = PBXFileReference; fileEncoding = 4; lastKnownFileType = sourcecode.c.objc; path = RNCryptor.m; sourceTree = "<group>"; };
		94231EAA1E91F19300214BCF /* RNCryptorEngine.h */ = {isa = PBXFileReference; fileEncoding = 4; lastKnownFileType = sourcecode.c.h; path = RNCryptorEngine.h; sourceTree = "<group>"; };
		94231EAB1E91F19300214BCF /* RNCryptorEngine.m */ = {isa = PBXFileReference; fileEncoding = 4; lastKnownFileType = sourcecode.c.objc; path = RNCryptorEngine.m; sourceTree = "<group>"; };
		94231EAC1E91F19300214BCF /* RNDecryptor.h */ = {isa = PBXFileReference; fileEncoding = 4; lastKnownFileType = sourcecode.c.h; path = RNDecryptor.h; sourceTree = "<group>"; };
		94231EAD1E91F19300214BCF /* RNDecryptor.m */ = {isa = PBXFileReference; fileEncoding = 4; lastKnownFileType = sourcecode.c.objc; path = RNDecryptor.m; sourceTree = "<group>"; };
		94231EAE1E91F19300214BCF /* RNEncryptor.h */ = {isa = PBXFileReference; fileEncoding = 4; lastKnownFileType = sourcecode.c.h; path = RNEncryptor.h; sourceTree = "<group>"; };
		94231EAF1E91F19300214BCF /* RNEncryptor.m */ = {isa = PBXFileReference; fileEncoding = 4; lastKnownFileType = sourcecode.c.objc; path = RNEncryptor.m; sourceTree = "<group>"; };
		94480F581E91B1D5009C0C71 /* secure_text_photo.png */ = {isa = PBXFileReference; lastKnownFileType = image.png; path = secure_text_photo.png; sourceTree = "<group>"; };
		94480F5A1E91C28F009C0C71 /* DefaultViewProtocol.h */ = {isa = PBXFileReference; fileEncoding = 4; lastKnownFileType = sourcecode.c.h; path = DefaultViewProtocol.h; sourceTree = "<group>"; };
		94689D511E91D38B00372712 /* QBImagePickerController.framework */ = {isa = PBXFileReference; lastKnownFileType = wrapper.framework; name = QBImagePickerController.framework; path = "Pods/../build/Debug-iphoneos/QBImagePickerController/QBImagePickerController.framework"; sourceTree = "<group>"; };
		94F7D71E1E58BF9300CB1B9E /* TouchLock.app */ = {isa = PBXFileReference; explicitFileType = wrapper.application; includeInIndex = 0; path = TouchLock.app; sourceTree = BUILT_PRODUCTS_DIR; };
		94F7D7211E58BF9300CB1B9E /* Assets.xcassets */ = {isa = PBXFileReference; lastKnownFileType = folder.assetcatalog; path = Assets.xcassets; sourceTree = "<group>"; };
		94F7D7231E58BF9300CB1B9E /* Info.plist */ = {isa = PBXFileReference; lastKnownFileType = text.plist.xml; path = Info.plist; sourceTree = "<group>"; };
		94F7D7281E58BF9300CB1B9E /* MessagesExtension.appex */ = {isa = PBXFileReference; explicitFileType = "wrapper.app-extension"; includeInIndex = 0; path = MessagesExtension.appex; sourceTree = BUILT_PRODUCTS_DIR; };
		94F7D72D1E58BF9300CB1B9E /* Messages.framework */ = {isa = PBXFileReference; lastKnownFileType = wrapper.framework; name = Messages.framework; path = System/Library/Frameworks/Messages.framework; sourceTree = SDKROOT; };
		94F7D7301E58BF9300CB1B9E /* MessagesViewController.h */ = {isa = PBXFileReference; lastKnownFileType = sourcecode.c.h; path = MessagesViewController.h; sourceTree = "<group>"; };
		94F7D7311E58BF9300CB1B9E /* MessagesViewController.m */ = {isa = PBXFileReference; lastKnownFileType = sourcecode.c.objc; path = MessagesViewController.m; sourceTree = "<group>"; };
		94F7D7341E58BF9300CB1B9E /* Base */ = {isa = PBXFileReference; lastKnownFileType = file.storyboard; name = Base; path = Base.lproj/MainInterface.storyboard; sourceTree = "<group>"; };
		94F7D7361E58BF9300CB1B9E /* Assets.xcassets */ = {isa = PBXFileReference; lastKnownFileType = folder.assetcatalog; path = Assets.xcassets; sourceTree = "<group>"; };
		94F7D7381E58BF9300CB1B9E /* Info.plist */ = {isa = PBXFileReference; lastKnownFileType = text.plist.xml; path = Info.plist; sourceTree = "<group>"; };
		94F7D7471E58C6DF00CB1B9E /* take_photo.png */ = {isa = PBXFileReference; lastKnownFileType = image.png; path = take_photo.png; sourceTree = "<group>"; };
		94F7D7481E58C6DF00CB1B9E /* access_gallery.png */ = {isa = PBXFileReference; lastKnownFileType = image.png; path = access_gallery.png; sourceTree = "<group>"; };
		94F7D74B1E58CD7900CB1B9E /* CompactDefaultView.xib */ = {isa = PBXFileReference; fileEncoding = 4; lastKnownFileType = file.xib; path = CompactDefaultView.xib; sourceTree = "<group>"; };
		94F7D74D1E58D10100CB1B9E /* CompactDefaultView.h */ = {isa = PBXFileReference; fileEncoding = 4; lastKnownFileType = sourcecode.c.h; path = CompactDefaultView.h; sourceTree = "<group>"; };
		94F7D74E1E58D10100CB1B9E /* CompactDefaultView.m */ = {isa = PBXFileReference; fileEncoding = 4; lastKnownFileType = sourcecode.c.objc; path = CompactDefaultView.m; sourceTree = "<group>"; };
		94F7D7501E58D24500CB1B9E /* ExpandedDefaultView.xib */ = {isa = PBXFileReference; fileEncoding = 4; lastKnownFileType = file.xib; path = ExpandedDefaultView.xib; sourceTree = "<group>"; };
		94F7D7521E58D3A200CB1B9E /* ExpandedDefaultView.h */ = {isa = PBXFileReference; fileEncoding = 4; lastKnownFileType = sourcecode.c.h; path = ExpandedDefaultView.h; sourceTree = "<group>"; };
		94F7D7531E58D3A200CB1B9E /* ExpandedDefaultView.m */ = {isa = PBXFileReference; fileEncoding = 4; lastKnownFileType = sourcecode.c.objc; path = ExpandedDefaultView.m; sourceTree = "<group>"; };
		94F7D8001E58EECE00CB1B9E /* MessagesExtension-Bridging-Header.h */ = {isa = PBXFileReference; lastKnownFileType = sourcecode.c.h; path = "MessagesExtension-Bridging-Header.h"; sourceTree = "<group>"; };
		F68A22B4DC8FE93D3B5FD033 /* Pods-TouchLock.debug.xcconfig */ = {isa = PBXFileReference; includeInIndex = 1; lastKnownFileType = text.xcconfig; name = "Pods-TouchLock.debug.xcconfig"; path = "Pods/Target Support Files/Pods-TouchLock/Pods-TouchLock.debug.xcconfig"; sourceTree = "<group>"; };
/* End PBXFileReference section */

/* Begin PBXFrameworksBuildPhase section */
		7AA28EA50067A672FAB23D6A /* Frameworks */ = {
			isa = PBXFrameworksBuildPhase;
			buildActionMask = 2147483647;
			files = (
				05EA63115F19BBD207234668 /* Pods_TouchLock.framework in Frameworks */,
			);
			runOnlyForDeploymentPostprocessing = 0;
		};
		94F7D7251E58BF9300CB1B9E /* Frameworks */ = {
			isa = PBXFrameworksBuildPhase;
			buildActionMask = 2147483647;
			files = (
				94F7D72E1E58BF9300CB1B9E /* Messages.framework in Frameworks */,
			);
			runOnlyForDeploymentPostprocessing = 0;
		};
/* End PBXFrameworksBuildPhase section */

/* Begin PBXGroup section */
		94231E651E91D3E200214BCF /* QBImagePicker */ = {
			isa = PBXGroup;
			children = (
				94231E661E91D3E200214BCF /* QBImagePicker.strings */,
				94231E6C1E91D3E200214BCF /* QBAlbumCell.h */,
				94231E6D1E91D3E200214BCF /* QBAlbumCell.m */,
				94231E6E1E91D3E200214BCF /* QBAlbumsViewController.h */,
				94231E6F1E91D3E200214BCF /* QBAlbumsViewController.m */,
				94231E701E91D3E200214BCF /* QBAssetCell.h */,
				94231E711E91D3E200214BCF /* QBAssetCell.m */,
				94231E721E91D3E200214BCF /* QBAssetsViewController.h */,
				94231E731E91D3E200214BCF /* QBAssetsViewController.m */,
				94231E741E91D3E200214BCF /* QBCheckmarkView.h */,
				94231E751E91D3E200214BCF /* QBCheckmarkView.m */,
				94231E761E91D3E200214BCF /* QBImagePicker.h */,
				94231E771E91D3E200214BCF /* QBImagePicker.storyboard */,
				94231E781E91D3E200214BCF /* QBImagePickerController.h */,
				94231E791E91D3E200214BCF /* QBImagePickerController.m */,
				94231E7A1E91D3E200214BCF /* QBSlomoIconView.h */,
				94231E7B1E91D3E200214BCF /* QBSlomoIconView.m */,
				94231E7C1E91D3E200214BCF /* QBVideoIconView.h */,
				94231E7D1E91D3E200214BCF /* QBVideoIconView.m */,
				94231E7E1E91D3E200214BCF /* QBVideoIndicatorView.h */,
				94231E7F1E91D3E200214BCF /* QBVideoIndicatorView.m */,
			);
			path = QBImagePicker;
			sourceTree = "<group>";
		};
		94231EA21E91F19300214BCF /* RNCryptor iOS */ = {
			isa = PBXGroup;
			children = (
				94231EA31E91F19300214BCF /* module.modulemap */,
				94231EA41E91F19300214BCF /* RNCryptor iOS.h */,
			);
			path = "RNCryptor iOS";
			sourceTree = "<group>";
		};
		94231EA51E91F19300214BCF /* RNCryptor */ = {
			isa = PBXGroup;
			children = (
				94231EA61E91F19300214BCF /* RNCryptor+Private.h */,
				94231EA71E91F19300214BCF /* RNCryptor-Prefix.pch */,
				94231EA81E91F19300214BCF /* RNCryptor.h */,
				94231EA91E91F19300214BCF /* RNCryptor.m */,
				94231EAA1E91F19300214BCF /* RNCryptorEngine.h */,
				94231EAB1E91F19300214BCF /* RNCryptorEngine.m */,
				94231EAC1E91F19300214BCF /* RNDecryptor.h */,
				94231EAD1E91F19300214BCF /* RNDecryptor.m */,
				94231EAE1E91F19300214BCF /* RNEncryptor.h */,
				94231EAF1E91F19300214BCF /* RNEncryptor.m */,
			);
			path = RNCryptor;
			sourceTree = "<group>";
		};
		94F7D7171E58BF9300CB1B9E = {
			isa = PBXGroup;
			children = (
				94F7D7201E58BF9300CB1B9E /* TouchLock */,
				94F7D72F1E58BF9300CB1B9E /* MessagesExtension */,
				94F7D72C1E58BF9300CB1B9E /* Frameworks */,
				94F7D71F1E58BF9300CB1B9E /* Products */,
				CD2BE4B3BC299AB3E7356069 /* Pods */,
			);
			sourceTree = "<group>";
		};
		94F7D71F1E58BF9300CB1B9E /* Products */ = {
			isa = PBXGroup;
			children = (
				94F7D71E1E58BF9300CB1B9E /* TouchLock.app */,
				94F7D7281E58BF9300CB1B9E /* MessagesExtension.appex */,
			);
			name = Products;
			sourceTree = "<group>";
		};
		94F7D7201E58BF9300CB1B9E /* TouchLock */ = {
			isa = PBXGroup;
			children = (
				94F7D7211E58BF9300CB1B9E /* Assets.xcassets */,
				94F7D7231E58BF9300CB1B9E /* Info.plist */,
			);
			path = TouchLock;
			sourceTree = "<group>";
		};
		94F7D72C1E58BF9300CB1B9E /* Frameworks */ = {
			isa = PBXGroup;
			children = (
				94689D511E91D38B00372712 /* QBImagePickerController.framework */,
				94F7D72D1E58BF9300CB1B9E /* Messages.framework */,
				4A9D3639F1EFF43B8CBCC322 /* Pods_TouchLock.framework */,
			);
			name = Frameworks;
			sourceTree = "<group>";
		};
		94F7D72F1E58BF9300CB1B9E /* MessagesExtension */ = {
			isa = PBXGroup;
			children = (
				94231EA21E91F19300214BCF /* RNCryptor iOS */,
				94231EA51E91F19300214BCF /* RNCryptor */,
				94231E651E91D3E200214BCF /* QBImagePicker */,
				94F7D7301E58BF9300CB1B9E /* MessagesViewController.h */,
				94F7D7311E58BF9300CB1B9E /* MessagesViewController.m */,
				94F7D7571E58D42E00CB1B9E /* Default Views */,
				94F7D7331E58BF9300CB1B9E /* MainInterface.storyboard */,
				94F7D7461E58C4E800CB1B9E /* icons */,
				94F7D7381E58BF9300CB1B9E /* Info.plist */,
				94F7D8001E58EECE00CB1B9E /* MessagesExtension-Bridging-Header.h */,
			);
			path = MessagesExtension;
			sourceTree = "<group>";
		};
		94F7D7461E58C4E800CB1B9E /* icons */ = {
			isa = PBXGroup;
			children = (
				94231EA01E91E82300214BCF /* default_blurred_image.jpg */,
				94480F581E91B1D5009C0C71 /* secure_text_photo.png */,
				94F7D7471E58C6DF00CB1B9E /* take_photo.png */,
				94F7D7481E58C6DF00CB1B9E /* access_gallery.png */,
				94F7D7361E58BF9300CB1B9E /* Assets.xcassets */,
			);
			name = icons;
			sourceTree = "<group>";
		};
		94F7D7551E58D42100CB1B9E /* Compact */ = {
			isa = PBXGroup;
			children = (
				94F7D74D1E58D10100CB1B9E /* CompactDefaultView.h */,
				94F7D74E1E58D10100CB1B9E /* CompactDefaultView.m */,
				94F7D74B1E58CD7900CB1B9E /* CompactDefaultView.xib */,
			);
			name = Compact;
			sourceTree = "<group>";
		};
		94F7D7561E58D42800CB1B9E /* Expanded */ = {
			isa = PBXGroup;
			children = (
				94F7D7521E58D3A200CB1B9E /* ExpandedDefaultView.h */,
				94F7D7531E58D3A200CB1B9E /* ExpandedDefaultView.m */,
				94F7D7501E58D24500CB1B9E /* ExpandedDefaultView.xib */,
			);
			name = Expanded;
			sourceTree = "<group>";
		};
		94F7D7571E58D42E00CB1B9E /* Default Views */ = {
			isa = PBXGroup;
			children = (
				94480F5A1E91C28F009C0C71 /* DefaultViewProtocol.h */,
				94F7D7561E58D42800CB1B9E /* Expanded */,
				94F7D7551E58D42100CB1B9E /* Compact */,
			);
			name = "Default Views";
			sourceTree = "<group>";
		};
		CD2BE4B3BC299AB3E7356069 /* Pods */ = {
			isa = PBXGroup;
			children = (
				F68A22B4DC8FE93D3B5FD033 /* Pods-TouchLock.debug.xcconfig */,
				28A6B08ADDC0AD7306B432F4 /* Pods-TouchLock.release.xcconfig */,
			);
			name = Pods;
			sourceTree = "<group>";
		};
/* End PBXGroup section */

/* Begin PBXNativeTarget section */
		94F7D71D1E58BF9300CB1B9E /* TouchLock */ = {
			isa = PBXNativeTarget;
			buildConfigurationList = 94F7D73F1E58BF9300CB1B9E /* Build configuration list for PBXNativeTarget "TouchLock" */;
			buildPhases = (
				7C84F03AD095600546F163E5 /* [CP] Check Pods Manifest.lock */,
				94F7D71C1E58BF9300CB1B9E /* Resources */,
				94F7D73E1E58BF9300CB1B9E /* Embed App Extensions */,
				7AA28EA50067A672FAB23D6A /* Frameworks */,
				3CDF2BC6EA690F0EBA9F8CC6 /* [CP] Embed Pods Frameworks */,
				69969E39969E050D38F96E1E /* [CP] Copy Pods Resources */,
			);
			buildRules = (
			);
			dependencies = (
				94F7D72B1E58BF9300CB1B9E /* PBXTargetDependency */,
			);
			name = TouchLock;
			productName = TouchLock;
			productReference = 94F7D71E1E58BF9300CB1B9E /* TouchLock.app */;
			productType = "com.apple.product-type.application.messages";
		};
		94F7D7271E58BF9300CB1B9E /* MessagesExtension */ = {
			isa = PBXNativeTarget;
			buildConfigurationList = 94F7D73B1E58BF9300CB1B9E /* Build configuration list for PBXNativeTarget "MessagesExtension" */;
			buildPhases = (
				94F7D7241E58BF9300CB1B9E /* Sources */,
				94F7D7251E58BF9300CB1B9E /* Frameworks */,
				94F7D7261E58BF9300CB1B9E /* Resources */,
			);
			buildRules = (
			);
			dependencies = (
			);
			name = MessagesExtension;
			productName = MessagesExtension;
			productReference = 94F7D7281E58BF9300CB1B9E /* MessagesExtension.appex */;
			productType = "com.apple.product-type.app-extension.messages";
		};
/* End PBXNativeTarget section */

/* Begin PBXProject section */
		94F7D7181E58BF9300CB1B9E /* Project object */ = {
			isa = PBXProject;
			attributes = {
				LastUpgradeCheck = 0820;
				ORGANIZATIONNAME = "Ryan D'souza";
				TargetAttributes = {
					94F7D71D1E58BF9300CB1B9E = {
						CreatedOnToolsVersion = 8.2.1;
						DevelopmentTeam = Q7N3L673D8;
						LastSwiftMigration = 0820;
						ProvisioningStyle = Automatic;
					};
					94F7D7271E58BF9300CB1B9E = {
						CreatedOnToolsVersion = 8.2.1;
						DevelopmentTeam = Q7N3L673D8;
						LastSwiftMigration = 0820;
						ProvisioningStyle = Automatic;
					};
				};
			};
			buildConfigurationList = 94F7D71B1E58BF9300CB1B9E /* Build configuration list for PBXProject "TouchLock" */;
			compatibilityVersion = "Xcode 3.2";
			developmentRegion = English;
			hasScannedForEncodings = 0;
			knownRegions = (
				en,
				Base,
				ca,
				de,
				es,
				fr,
				it,
				pt,
				ja,
				pl,
				"zh-Hans",
			);
			mainGroup = 94F7D7171E58BF9300CB1B9E;
			productRefGroup = 94F7D71F1E58BF9300CB1B9E /* Products */;
			projectDirPath = "";
			projectRoot = "";
			targets = (
				94F7D71D1E58BF9300CB1B9E /* TouchLock */,
				94F7D7271E58BF9300CB1B9E /* MessagesExtension */,
			);
		};
/* End PBXProject section */

/* Begin PBXResourcesBuildPhase section */
		94F7D71C1E58BF9300CB1B9E /* Resources */ = {
			isa = PBXResourcesBuildPhase;
			buildActionMask = 2147483647;
			files = (
				94F7D7221E58BF9300CB1B9E /* Assets.xcassets in Resources */,
			);
			runOnlyForDeploymentPostprocessing = 0;
		};
		94F7D7261E58BF9300CB1B9E /* Resources */ = {
			isa = PBXResourcesBuildPhase;
			buildActionMask = 2147483647;
			files = (
				94F7D7371E58BF9300CB1B9E /* Assets.xcassets in Resources */,
				94231E871E91D3E200214BCF /* QBImagePicker.storyboard in Resources */,
				94F7D7511E58D24500CB1B9E /* ExpandedDefaultView.xib in Resources */,
				94F7D74C1E58CD7900CB1B9E /* CompactDefaultView.xib in Resources */,
				94231EA11E91E82300214BCF /* default_blurred_image.jpg in Resources */,
				94231E811E91D3E200214BCF /* QBImagePicker.strings in Resources */,
				94480F591E91B1D5009C0C71 /* secure_text_photo.png in Resources */,
				94F7D7351E58BF9300CB1B9E /* MainInterface.storyboard in Resources */,
				94F7D74A1E58C6DF00CB1B9E /* access_gallery.png in Resources */,
				94F7D7491E58C6DF00CB1B9E /* take_photo.png in Resources */,
			);
			runOnlyForDeploymentPostprocessing = 0;
		};
/* End PBXResourcesBuildPhase section */

/* Begin PBXShellScriptBuildPhase section */
		3CDF2BC6EA690F0EBA9F8CC6 /* [CP] Embed Pods Frameworks */ = {
			isa = PBXShellScriptBuildPhase;
			buildActionMask = 2147483647;
			files = (
			);
			inputPaths = (
			);
			name = "[CP] Embed Pods Frameworks";
			outputPaths = (
			);
			runOnlyForDeploymentPostprocessing = 0;
			shellPath = /bin/sh;
			shellScript = "\"${SRCROOT}/Pods/Target Support Files/Pods-TouchLock/Pods-TouchLock-frameworks.sh\"\n";
			showEnvVarsInLog = 0;
		};
		69969E39969E050D38F96E1E /* [CP] Copy Pods Resources */ = {
			isa = PBXShellScriptBuildPhase;
			buildActionMask = 2147483647;
			files = (
			);
			inputPaths = (
			);
			name = "[CP] Copy Pods Resources";
			outputPaths = (
			);
			runOnlyForDeploymentPostprocessing = 0;
			shellPath = /bin/sh;
			shellScript = "\"${SRCROOT}/Pods/Target Support Files/Pods-TouchLock/Pods-TouchLock-resources.sh\"\n";
			showEnvVarsInLog = 0;
		};
		7C84F03AD095600546F163E5 /* [CP] Check Pods Manifest.lock */ = {
			isa = PBXShellScriptBuildPhase;
			buildActionMask = 2147483647;
			files = (
			);
			inputPaths = (
			);
			name = "[CP] Check Pods Manifest.lock";
			outputPaths = (
			);
			runOnlyForDeploymentPostprocessing = 0;
			shellPath = /bin/sh;
			shellScript = "diff \"${PODS_ROOT}/../Podfile.lock\" \"${PODS_ROOT}/Manifest.lock\" > /dev/null\nif [ $? != 0 ] ; then\n    # print error to STDERR\n    echo \"error: The sandbox is not in sync with the Podfile.lock. Run 'pod install' or update your CocoaPods installation.\" >&2\n    exit 1\nfi\n";
			showEnvVarsInLog = 0;
		};
/* End PBXShellScriptBuildPhase section */

/* Begin PBXSourcesBuildPhase section */
		94F7D7241E58BF9300CB1B9E /* Sources */ = {
			isa = PBXSourcesBuildPhase;
			buildActionMask = 2147483647;
			files = (
				94231E821E91D3E200214BCF /* QBAlbumCell.m in Sources */,
				94231EB21E91F19300214BCF /* RNDecryptor.m in Sources */,
				94231E831E91D3E200214BCF /* QBAlbumsViewController.m in Sources */,
				94231E8A1E91D3E200214BCF /* QBVideoIconView.m in Sources */,
				94F7D7541E58D3A200CB1B9E /* ExpandedDefaultView.m in Sources */,
				94231EB01E91F19300214BCF /* RNCryptor.m in Sources */,
				94231E891E91D3E200214BCF /* QBSlomoIconView.m in Sources */,
				94231E851E91D3E200214BCF /* QBAssetsViewController.m in Sources */,
				94231EB31E91F19300214BCF /* RNEncryptor.m in Sources */,
				94231E881E91D3E200214BCF /* QBImagePickerController.m in Sources */,
				94231E841E91D3E200214BCF /* QBAssetCell.m in Sources */,
				94F7D74F1E58D10100CB1B9E /* CompactDefaultView.m in Sources */,
				94231EB11E91F19300214BCF /* RNCryptorEngine.m in Sources */,
				94F7D7321E58BF9300CB1B9E /* MessagesViewController.m in Sources */,
				94231E861E91D3E200214BCF /* QBCheckmarkView.m in Sources */,
				94231E8B1E91D3E200214BCF /* QBVideoIndicatorView.m in Sources */,
			);
			runOnlyForDeploymentPostprocessing = 0;
		};
/* End PBXSourcesBuildPhase section */

/* Begin PBXTargetDependency section */
		94F7D72B1E58BF9300CB1B9E /* PBXTargetDependency */ = {
			isa = PBXTargetDependency;
			target = 94F7D7271E58BF9300CB1B9E /* MessagesExtension */;
			targetProxy = 94F7D72A1E58BF9300CB1B9E /* PBXContainerItemProxy */;
		};
/* End PBXTargetDependency section */

/* Begin PBXVariantGroup section */
		94231E661E91D3E200214BCF /* QBImagePicker.strings */ = {
			isa = PBXVariantGroup;
			children = (
				94231E671E91D3E200214BCF /* de */,
				94231E681E91D3E200214BCF /* en */,
				94231E691E91D3E200214BCF /* es */,
				94231E6A1E91D3E200214BCF /* ja */,
				94231E6B1E91D3E200214BCF /* pl */,
				94231E801E91D3E200214BCF /* zh-Hans */,
			);
			name = QBImagePicker.strings;
			sourceTree = "<group>";
		};
		94F7D7331E58BF9300CB1B9E /* MainInterface.storyboard */ = {
			isa = PBXVariantGroup;
			children = (
				94F7D7341E58BF9300CB1B9E /* Base */,
			);
			name = MainInterface.storyboard;
			sourceTree = "<group>";
		};
/* End PBXVariantGroup section */

/* Begin XCBuildConfiguration section */
		94F7D7391E58BF9300CB1B9E /* Debug */ = {
			isa = XCBuildConfiguration;
			buildSettings = {
				ALWAYS_SEARCH_USER_PATHS = NO;
				CLANG_ANALYZER_NONNULL = YES;
				CLANG_CXX_LANGUAGE_STANDARD = "gnu++0x";
				CLANG_CXX_LIBRARY = "libc++";
				CLANG_ENABLE_MODULES = YES;
				CLANG_ENABLE_OBJC_ARC = YES;
				CLANG_WARN_BOOL_CONVERSION = YES;
				CLANG_WARN_CONSTANT_CONVERSION = YES;
				CLANG_WARN_DIRECT_OBJC_ISA_USAGE = YES_ERROR;
				CLANG_WARN_DOCUMENTATION_COMMENTS = YES;
				CLANG_WARN_EMPTY_BODY = YES;
				CLANG_WARN_ENUM_CONVERSION = YES;
				CLANG_WARN_INFINITE_RECURSION = YES;
				CLANG_WARN_INT_CONVERSION = YES;
				CLANG_WARN_OBJC_ROOT_CLASS = YES_ERROR;
				CLANG_WARN_SUSPICIOUS_MOVE = YES;
				CLANG_WARN_UNREACHABLE_CODE = YES;
				CLANG_WARN__DUPLICATE_METHOD_MATCH = YES;
				"CODE_SIGN_IDENTITY[sdk=iphoneos*]" = "iPhone Developer";
				COPY_PHASE_STRIP = NO;
				DEBUG_INFORMATION_FORMAT = dwarf;
				ENABLE_STRICT_OBJC_MSGSEND = YES;
				ENABLE_TESTABILITY = YES;
				GCC_C_LANGUAGE_STANDARD = gnu99;
				GCC_DYNAMIC_NO_PIC = NO;
				GCC_NO_COMMON_BLOCKS = YES;
				GCC_OPTIMIZATION_LEVEL = 0;
				GCC_PREPROCESSOR_DEFINITIONS = (
					"DEBUG=1",
					"$(inherited)",
				);
				GCC_WARN_64_TO_32_BIT_CONVERSION = YES;
				GCC_WARN_ABOUT_RETURN_TYPE = YES_ERROR;
				GCC_WARN_UNDECLARED_SELECTOR = YES;
				GCC_WARN_UNINITIALIZED_AUTOS = YES_AGGRESSIVE;
				GCC_WARN_UNUSED_FUNCTION = YES;
				GCC_WARN_UNUSED_VARIABLE = YES;
				IPHONEOS_DEPLOYMENT_TARGET = 10.2;
				MTL_ENABLE_DEBUG_INFO = YES;
				ONLY_ACTIVE_ARCH = YES;
				SDKROOT = iphoneos;
				TARGETED_DEVICE_FAMILY = "1,2";
			};
			name = Debug;
		};
		94F7D73A1E58BF9300CB1B9E /* Release */ = {
			isa = XCBuildConfiguration;
			buildSettings = {
				ALWAYS_SEARCH_USER_PATHS = NO;
				CLANG_ANALYZER_NONNULL = YES;
				CLANG_CXX_LANGUAGE_STANDARD = "gnu++0x";
				CLANG_CXX_LIBRARY = "libc++";
				CLANG_ENABLE_MODULES = YES;
				CLANG_ENABLE_OBJC_ARC = YES;
				CLANG_WARN_BOOL_CONVERSION = YES;
				CLANG_WARN_CONSTANT_CONVERSION = YES;
				CLANG_WARN_DIRECT_OBJC_ISA_USAGE = YES_ERROR;
				CLANG_WARN_DOCUMENTATION_COMMENTS = YES;
				CLANG_WARN_EMPTY_BODY = YES;
				CLANG_WARN_ENUM_CONVERSION = YES;
				CLANG_WARN_INFINITE_RECURSION = YES;
				CLANG_WARN_INT_CONVERSION = YES;
				CLANG_WARN_OBJC_ROOT_CLASS = YES_ERROR;
				CLANG_WARN_SUSPICIOUS_MOVE = YES;
				CLANG_WARN_UNREACHABLE_CODE = YES;
				CLANG_WARN__DUPLICATE_METHOD_MATCH = YES;
				"CODE_SIGN_IDENTITY[sdk=iphoneos*]" = "iPhone Developer";
				COPY_PHASE_STRIP = NO;
				DEBUG_INFORMATION_FORMAT = "dwarf-with-dsym";
				ENABLE_NS_ASSERTIONS = NO;
				ENABLE_STRICT_OBJC_MSGSEND = YES;
				GCC_C_LANGUAGE_STANDARD = gnu99;
				GCC_NO_COMMON_BLOCKS = YES;
				GCC_WARN_64_TO_32_BIT_CONVERSION = YES;
				GCC_WARN_ABOUT_RETURN_TYPE = YES_ERROR;
				GCC_WARN_UNDECLARED_SELECTOR = YES;
				GCC_WARN_UNINITIALIZED_AUTOS = YES_AGGRESSIVE;
				GCC_WARN_UNUSED_FUNCTION = YES;
				GCC_WARN_UNUSED_VARIABLE = YES;
				IPHONEOS_DEPLOYMENT_TARGET = 10.2;
				MTL_ENABLE_DEBUG_INFO = NO;
				SDKROOT = iphoneos;
				TARGETED_DEVICE_FAMILY = "1,2";
				VALIDATE_PRODUCT = YES;
			};
			name = Release;
		};
		94F7D73C1E58BF9300CB1B9E /* Debug */ = {
			isa = XCBuildConfiguration;
			buildSettings = {
				ASSETCATALOG_COMPILER_APPICON_NAME = "iMessage App Icon";
				CLANG_ENABLE_MODULES = YES;
				DEVELOPMENT_TEAM = Q7N3L673D8;
				FRAMEWORK_SEARCH_PATHS = (
					"$(inherited)",
					"$(PROJECT_DIR)/build/Debug-iphoneos/QBImagePickerController",
				);
				INFOPLIST_FILE = MessagesExtension/Info.plist;
				LD_RUNPATH_SEARCH_PATHS = "$(inherited) @executable_path/Frameworks @executable_path/../../Frameworks";
				PRODUCT_BUNDLE_IDENTIFIER = com.ryan.TouchLock.MessagesExtension;
				PRODUCT_NAME = "$(TARGET_NAME)";
				SKIP_INSTALL = YES;
				SWIFT_OBJC_BRIDGING_HEADER = "MessagesExtension/MessagesExtension-Bridging-Header.h";
				SWIFT_OPTIMIZATION_LEVEL = "-Onone";
				SWIFT_VERSION = 3.0;
			};
			name = Debug;
		};
		94F7D73D1E58BF9300CB1B9E /* Release */ = {
			isa = XCBuildConfiguration;
			buildSettings = {
				ASSETCATALOG_COMPILER_APPICON_NAME = "iMessage App Icon";
				CLANG_ENABLE_MODULES = YES;
				DEVELOPMENT_TEAM = Q7N3L673D8;
				FRAMEWORK_SEARCH_PATHS = (
					"$(inherited)",
					"$(PROJECT_DIR)/build/Debug-iphoneos/QBImagePickerController",
				);
				INFOPLIST_FILE = MessagesExtension/Info.plist;
				LD_RUNPATH_SEARCH_PATHS = "$(inherited) @executable_path/Frameworks @executable_path/../../Frameworks";
				PRODUCT_BUNDLE_IDENTIFIER = com.ryan.TouchLock.MessagesExtension;
				PRODUCT_NAME = "$(TARGET_NAME)";
				SKIP_INSTALL = YES;
				SWIFT_OBJC_BRIDGING_HEADER = "MessagesExtension/MessagesExtension-Bridging-Header.h";
				SWIFT_VERSION = 3.0;
			};
			name = Release;
		};
		94F7D7401E58BF9300CB1B9E /* Debug */ = {
			isa = XCBuildConfiguration;
			baseConfigurationReference = F68A22B4DC8FE93D3B5FD033 /* Pods-TouchLock.debug.xcconfig */;
			buildSettings = {
				ASSETCATALOG_COMPILER_APPICON_NAME = AppIcon;
				DEFINES_MODULE = YES;
				DEVELOPMENT_TEAM = Q7N3L673D8;
				FRAMEWORK_SEARCH_PATHS = (
					"$(inherited)",
					"$(PROJECT_DIR)/build/Debug-iphoneos/FacebookImagePicker",
				);
				INFOPLIST_FILE = TouchLock/Info.plist;
				IPHONEOS_DEPLOYMENT_TARGET = 10.2;
				PRODUCT_BUNDLE_IDENTIFIER = com.ryan.TouchLock;
				PRODUCT_NAME = "$(TARGET_NAME)";
				SWIFT_VERSION = 3.0;
			};
			name = Debug;
		};
		94F7D7411E58BF9300CB1B9E /* Release */ = {
			isa = XCBuildConfiguration;
			baseConfigurationReference = 28A6B08ADDC0AD7306B432F4 /* Pods-TouchLock.release.xcconfig */;
			buildSettings = {
				ASSETCATALOG_COMPILER_APPICON_NAME = AppIcon;
				DEFINES_MODULE = YES;
				DEVELOPMENT_TEAM = Q7N3L673D8;
				FRAMEWORK_SEARCH_PATHS = (
					"$(inherited)",
					"$(PROJECT_DIR)/build/Debug-iphoneos/FacebookImagePicker",
				);
				INFOPLIST_FILE = TouchLock/Info.plist;
				IPHONEOS_DEPLOYMENT_TARGET = 10.2;
				PRODUCT_BUNDLE_IDENTIFIER = com.ryan.TouchLock;
				PRODUCT_NAME = "$(TARGET_NAME)";
				SWIFT_VERSION = 3.0;
			};
			name = Release;
		};
/* End XCBuildConfiguration section */

/* Begin XCConfigurationList section */
		94F7D71B1E58BF9300CB1B9E /* Build configuration list for PBXProject "TouchLock" */ = {
			isa = XCConfigurationList;
			buildConfigurations = (
				94F7D7391E58BF9300CB1B9E /* Debug */,
				94F7D73A1E58BF9300CB1B9E /* Release */,
			);
			defaultConfigurationIsVisible = 0;
			defaultConfigurationName = Release;
		};
		94F7D73B1E58BF9300CB1B9E /* Build configuration list for PBXNativeTarget "MessagesExtension" */ = {
			isa = XCConfigurationList;
			buildConfigurations = (
				94F7D73C1E58BF9300CB1B9E /* Debug */,
				94F7D73D1E58BF9300CB1B9E /* Release */,
			);
			defaultConfigurationIsVisible = 0;
			defaultConfigurationName = Release;
		};
		94F7D73F1E58BF9300CB1B9E /* Build configuration list for PBXNativeTarget "TouchLock" */ = {
			isa = XCConfigurationList;
			buildConfigurations = (
				94F7D7401E58BF9300CB1B9E /* Debug */,
				94F7D7411E58BF9300CB1B9E /* Release */,
			);
			defaultConfigurationIsVisible = 0;
			defaultConfigurationName = Release;
		};
/* End XCConfigurationList section */
	};
	rootObject = 94F7D7181E58BF9300CB1B9E /* Project object */;
}
